
Microsoft Visual Studio Solution File, Format Version 12.00
# Visual Studio Version 17
VisualStudioVersion = 17.10.34825.169
MinimumVisualStudioVersion = 10.0.40219.1
Project("{FAE04EC0-301F-11D3-BF4B-00C04F79EFBC}") = "China Crime Foundation", "China Crime Foundation.csproj", "{9227A6A1-3638-4CF4-961D-25696AB7E472}"
EndProject
Global
	GlobalSection(SolutionConfigurationPlatforms) = preSolution
		Debug|Any CPU = Debug|Any CPU
		Release|Any CPU = Release|Any CPU
	EndGlobalSection
	GlobalSection(ProjectConfigurationPlatforms) = postSolution
		{9227A6A1-3638-4CF4-961D-25696AB7E472}.Debug|Any CPU.ActiveCfg = Debug|Any CPU
		{9227A6A1-3638-4CF4-961D-25696AB7E472}.Debug|Any CPU.Build.0 = Debug|Any CPU
		{9227A6A1-3638-4CF4-961D-25696AB7E472}.Debug|Any CPU.Deploy.0 = Debug|Any CPU
		{9227A6A1-3638-4CF4-961D-25696AB7E472}.Release|Any CPU.ActiveCfg = Release|Any CPU
		{9227A6A1-3638-4CF4-961D-25696AB7E472}.Release|Any CPU.Build.0 = Release|Any CPU
		{9227A6A1-3638-4CF4-961D-25696AB7E472}.Release|Any CPU.Deploy.0 = Release|Any CPU
	EndGlobalSection
	GlobalSection(SolutionProperties) = preSolution
		HideSolutionNode = FALSE
	EndGlobalSection
	GlobalSection(ExtensibilityGlobals) = postSolution
		SolutionGuid = {BC40CF98-59F6-4B02-A723-6351F55DA260}
	EndGlobalSection
EndGlobal
